
Microsoft Visual Studio Solution File, Format Version 12.00
# Visual Studio Version 17
VisualStudioVersion = 17.4.33213.308
MinimumVisualStudioVersion = 10.0.40219.1
Project("{FAE04EC0-301F-11D3-BF4B-00C04F79EFBC}") = "WfaCalcGrafica", "WfaCalcGrafica\WfaCalcGrafica.csproj", "{391120C3-7206-41D0-8CD5-0554149F83F2}"
EndProject
Global
	GlobalSection(SolutionConfigurationPlatforms) = preSolution
		Debug|Any CPU = Debug|Any CPU
		Release|Any CPU = Release|Any CPU
	EndGlobalSection
	GlobalSection(ProjectConfigurationPlatforms) = postSolution
		{391120C3-7206-41D0-8CD5-0554149F83F2}.Debug|Any CPU.ActiveCfg = Debug|Any CPU
		{391120C3-7206-41D0-8CD5-0554149F83F2}.Debug|Any CPU.Build.0 = Debug|Any CPU
		{391120C3-7206-41D0-8CD5-0554149F83F2}.Release|Any CPU.ActiveCfg = Release|Any CPU
		{391120C3-7206-41D0-8CD5-0554149F83F2}.Release|Any CPU.Build.0 = Release|Any CPU
	EndGlobalSection
	GlobalSection(SolutionProperties) = preSolution
		HideSolutionNode = FALSE
	EndGlobalSection
	GlobalSection(ExtensibilityGlobals) = postSolution
		SolutionGuid = {33595E6F-C711-4DA3-883C-500E86EF7EBC}
	EndGlobalSection
EndGlobal
